
Microsoft Visual Studio Solution File, Format Version 12.00
# Visual Studio Version 17
VisualStudioVersion = 17.9.34701.34
MinimumVisualStudioVersion = 10.0.40219.1
Project("{FAE04EC0-301F-11D3-BF4B-00C04F79EFBC}") = "Project_02.UWP", "Project_02.UWP\Project_02.UWP.csproj", "{A68CFAC1-EB48-4B5D-B4F3-E05EC71BB1B2}"
EndProject
Project("{FAE04EC0-301F-11D3-BF4B-00C04F79EFBC}") = "Project_02.Android", "Project_02.Android\Project_02.Android.csproj", "{1015D962-1D99-4CB8-93D4-D2FEBAAA9D7C}"
EndProject
Project("{FAE04EC0-301F-11D3-BF4B-00C04F79EFBC}") = "Project_02.iOS", "Project_02.iOS\Project_02.iOS.csproj", "{83AF5C79-4C7E-4196-9B4B-79D7C9D851D4}"
EndProject
Project("{9A19103F-16F7-4668-BE54-9A1E7A4F7556}") = "Project_02", "Project_02\Project_02.csproj", "{9E530EC5-EA68-4098-8D7D-D54EF2D12AA5}"
EndProject
Global
	GlobalSection(SolutionConfigurationPlatforms) = preSolution
		Debug|AndroidOnly = Debug|AndroidOnly
		Debug|Any CPU = Debug|Any CPU
		Debug|ARM = Debug|ARM
		Debug|iPhone = Debug|iPhone
		Debug|iPhoneSimulator = Debug|iPhoneSimulator
		Debug|x64 = Debug|x64
		Debug|x86 = Debug|x86
		Release|AndroidOnly = Release|AndroidOnly
		Release|Any CPU = Release|Any CPU
		Release|ARM = Release|ARM
		Release|iPhone = Release|iPhone
		Release|iPhoneSimulator = Release|iPhoneSimulator
		Release|x64 = Release|x64
		Release|x86 = Release|x86
	EndGlobalSection
	GlobalSection(ProjectConfigurationPlatforms) = postSolution
		{A68CFAC1-EB48-4B5D-B4F3-E05EC71BB1B2}.Debug|AndroidOnly.ActiveCfg = Debug|x64
		{A68CFAC1-EB48-4B5D-B4F3-E05EC71BB1B2}.Debug|Any CPU.ActiveCfg = Debug|x64
		{A68CFAC1-EB48-4B5D-B4F3-E05EC71BB1B2}.Debug|Any CPU.Build.0 = Debug|x64
		{A68CFAC1-EB48-4B5D-B4F3-E05EC71BB1B2}.Debug|ARM.ActiveCfg = Debug|ARM
		{A68CFAC1-EB48-4B5D-B4F3-E05EC71BB1B2}.Debug|ARM.Build.0 = Debug|ARM
		{A68CFAC1-EB48-4B5D-B4F3-E05EC71BB1B2}.Debug|ARM.Deploy.0 = Debug|ARM
		{A68CFAC1-EB48-4B5D-B4F3-E05EC71BB1B2}.Debug|iPhone.ActiveCfg = Debug|x64
		{A68CFAC1-EB48-4B5D-B4F3-E05EC71BB1B2}.Debug|iPhone.Build.0 = Debug|x64
		{A68CFAC1-EB48-4B5D-B4F3-E05EC71BB1B2}.Debug|iPhone.Deploy.0 = Debug|x64
		{A68CFAC1-EB48-4B5D-B4F3-E05EC71BB1B2}.Debug|iPhoneSimulator.ActiveCfg = Debug|x64
		{A68CFAC1-EB48-4B5D-B4F3-E05EC71BB1B2}.Debug|iPhoneSimulator.Build.0 = Debug|x64
		{A68CFAC1-EB48-4B5D-B4F3-E05EC71BB1B2}.Debug|iPhoneSimulator.Deploy.0 = Debug|x64
		{A68CFAC1-EB48-4B5D-B4F3-E05EC71BB1B2}.Debug|x64.ActiveCfg = Debug|x64
		{A68CFAC1-EB48-4B5D-B4F3-E05EC71BB1B2}.Debug|x64.Build.0 = Debug|x64
		{A68CFAC1-EB48-4B5D-B4F3-E05EC71BB1B2}.Debug|x64.Deploy.0 = Debug|x64
		{A68CFAC1-EB48-4B5D-B4F3-E05EC71BB1B2}.Debug|x86.ActiveCfg = Debug|x86
		{A68CFAC1-EB48-4B5D-B4F3-E05EC71BB1B2}.Debug|x86.Build.0 = Debug|x86
		{A68CFAC1-EB48-4B5D-B4F3-E05EC71BB1B2}.Debug|x86.Deploy.0 = Debug|x86
		{A68CFAC1-EB48-4B5D-B4F3-E05EC71BB1B2}.Release|AndroidOnly.ActiveCfg = Release|x64
		{A68CFAC1-EB48-4B5D-B4F3-E05EC71BB1B2}.Release|AndroidOnly.Build.0 = Release|x64
		{A68CFAC1-EB48-4B5D-B4F3-E05EC71BB1B2}.Release|AndroidOnly.Deploy.0 = Release|x64
		{A68CFAC1-EB48-4B5D-B4F3-E05EC71BB1B2}.Release|Any CPU.ActiveCfg = Release|x64
		{A68CFAC1-EB48-4B5D-B4F3-E05EC71BB1B2}.Release|Any CPU.Build.0 = Release|x64
		{A68CFAC1-EB48-4B5D-B4F3-E05EC71BB1B2}.Release|Any CPU.Deploy.0 = Release|x64
		{A68CFAC1-EB48-4B5D-B4F3-E05EC71BB1B2}.Release|ARM.ActiveCfg = Release|ARM
		{A68CFAC1-EB48-4B5D-B4F3-E05EC71BB1B2}.Release|ARM.Build.0 = Release|ARM
		{A68CFAC1-EB48-4B5D-B4F3-E05EC71BB1B2}.Release|ARM.Deploy.0 = Release|ARM
		{A68CFAC1-EB48-4B5D-B4F3-E05EC71BB1B2}.Release|iPhone.ActiveCfg = Release|x64
		{A68CFAC1-EB48-4B5D-B4F3-E05EC71BB1B2}.Release|iPhone.Build.0 = Release|x64
		{A68CFAC1-EB48-4B5D-B4F3-E05EC71BB1B2}.Release|iPhone.Deploy.0 = Release|x64
		{A68CFAC1-EB48-4B5D-B4F3-E05EC71BB1B2}.Release|iPhoneSimulator.ActiveCfg = Release|x64
		{A68CFAC1-EB48-4B5D-B4F3-E05EC71BB1B2}.Release|iPhoneSimulator.Build.0 = Release|x64
		{A68CFAC1-EB48-4B5D-B4F3-E05EC71BB1B2}.Release|iPhoneSimulator.Deploy.0 = Release|x64
		{A68CFAC1-EB48-4B5D-B4F3-E05EC71BB1B2}.Release|x64.ActiveCfg = Release|x64
		{A68CFAC1-EB48-4B5D-B4F3-E05EC71BB1B2}.Release|x64.Build.0 = Release|x64
		{A68CFAC1-EB48-4B5D-B4F3-E05EC71BB1B2}.Release|x64.Deploy.0 = Release|x64
		{A68CFAC1-EB48-4B5D-B4F3-E05EC71BB1B2}.Release|x86.ActiveCfg = Release|x86
		{A68CFAC1-EB48-4B5D-B4F3-E05EC71BB1B2}.Release|x86.Build.0 = Release|x86
		{A68CFAC1-EB48-4B5D-B4F3-E05EC71BB1B2}.Release|x86.Deploy.0 = Release|x86
		{1015D962-1D99-4CB8-93D4-D2FEBAAA9D7C}.Debug|AndroidOnly.ActiveCfg = Debug|Any CPU
		{1015D962-1D99-4CB8-93D4-D2FEBAAA9D7C}.Debug|AndroidOnly.Build.0 = Debug|Any CPU
		{1015D962-1D99-4CB8-93D4-D2FEBAAA9D7C}.Debug|AndroidOnly.Deploy.0 = Debug|Any CPU
		{1015D962-1D99-4CB8-93D4-D2FEBAAA9D7C}.Debug|Any CPU.ActiveCfg = Debug|Any CPU
		{1015D962-1D99-4CB8-93D4-D2FEBAAA9D7C}.Debug|Any CPU.Build.0 = Debug|Any CPU
		{1015D962-1D99-4CB8-93D4-D2FEBAAA9D7C}.Debug|Any CPU.Deploy.0 = Debug|Any CPU
		{1015D962-1D99-4CB8-93D4-D2FEBAAA9D7C}.Debug|ARM.ActiveCfg = Debug|Any CPU
		{1015D962-1D99-4CB8-93D4-D2FEBAAA9D7C}.Debug|ARM.Build.0 = Debug|Any CPU
		{1015D962-1D99-4CB8-93D4-D2FEBAAA9D7C}.Debug|ARM.Deploy.0 = Debug|Any CPU
		{1015D962-1D99-4CB8-93D4-D2FEBAAA9D7C}.Debug|iPhone.ActiveCfg = Debug|Any CPU
		{1015D962-1D99-4CB8-93D4-D2FEBAAA9D7C}.Debug|iPhone.Build.0 = Debug|Any CPU
		{1015D962-1D99-4CB8-93D4-D2FEBAAA9D7C}.Debug|iPhone.Deploy.0 = Debug|Any CPU
		{1015D962-1D99-4CB8-93D4-D2FEBAAA9D7C}.Debug|iPhoneSimulator.ActiveCfg = Debug|Any CPU
		{1015D962-1D99-4CB8-93D4-D2FEBAAA9D7C}.Debug|iPhoneSimulator.Build.0 = Debug|Any CPU
		{1015D962-1D99-4CB8-93D4-D2FEBAAA9D7C}.Debug|iPhoneSimulator.Deploy.0 = Debug|Any CPU
		{1015D962-1D99-4CB8-93D4-D2FEBAAA9D7C}.Debug|x64.ActiveCfg = Debug|Any CPU
		{1015D962-1D99-4CB8-93D4-D2FEBAAA9D7C}.Debug|x64.Build.0 = Debug|Any CPU
		{1015D962-1D99-4CB8-93D4-D2FEBAAA9D7C}.Debug|x64.Deploy.0 = Debug|Any CPU
		{1015D962-1D99-4CB8-93D4-D2FEBAAA9D7C}.Debug|x86.ActiveCfg = Debug|Any CPU
		{1015D962-1D99-4CB8-93D4-D2FEBAAA9D7C}.Debug|x86.Build.0 = Debug|Any CPU
		{1015D962-1D99-4CB8-93D4-D2FEBAAA9D7C}.Debug|x86.Deploy.0 = Debug|Any CPU
		{1015D962-1D99-4CB8-93D4-D2FEBAAA9D7C}.Release|AndroidOnly.ActiveCfg = Release|Any CPU
		{1015D962-1D99-4CB8-93D4-D2FEBAAA9D7C}.Release|AndroidOnly.Build.0 = Release|Any CPU
		{1015D962-1D99-4CB8-93D4-D2FEBAAA9D7C}.Release|AndroidOnly.Deploy.0 = Release|Any CPU
		{1015D962-1D99-4CB8-93D4-D2FEBAAA9D7C}.Release|Any CPU.ActiveCfg = Release|Any CPU
		{1015D962-1D99-4CB8-93D4-D2FEBAAA9D7C}.Release|Any CPU.Build.0 = Release|Any CPU
		{1015D962-1D99-4CB8-93D4-D2FEBAAA9D7C}.Release|Any CPU.Deploy.0 = Release|Any CPU
		{1015D962-1D99-4CB8-93D4-D2FEBAAA9D7C}.Release|ARM.ActiveCfg = Release|Any CPU
		{1015D962-1D99-4CB8-93D4-D2FEBAAA9D7C}.Release|ARM.Build.0 = Release|Any CPU
		{1015D962-1D99-4CB8-93D4-D2FEBAAA9D7C}.Release|ARM.Deploy.0 = Release|Any CPU
		{1015D962-1D99-4CB8-93D4-D2FEBAAA9D7C}.Release|iPhone.ActiveCfg = Release|Any CPU
		{1015D962-1D99-4CB8-93D4-D2FEBAAA9D7C}.Release|iPhone.Build.0 = Release|Any CPU
		{1015D962-1D99-4CB8-93D4-D2FEBAAA9D7C}.Release|iPhone.Deploy.0 = Release|Any CPU
		{1015D962-1D99-4CB8-93D4-D2FEBAAA9D7C}.Release|iPhoneSimulator.ActiveCfg = Release|Any CPU
		{1015D962-1D99-4CB8-93D4-D2FEBAAA9D7C}.Release|iPhoneSimulator.Build.0 = Release|Any CPU
		{1015D962-1D99-4CB8-93D4-D2FEBAAA9D7C}.Release|iPhoneSimulator.Deploy.0 = Release|Any CPU
		{1015D962-1D99-4CB8-93D4-D2FEBAAA9D7C}.Release|x64.ActiveCfg = Release|Any CPU
		{1015D962-1D99-4CB8-93D4-D2FEBAAA9D7C}.Release|x64.Build.0 = Release|Any CPU
		{1015D962-1D99-4CB8-93D4-D2FEBAAA9D7C}.Release|x64.Deploy.0 = Release|Any CPU
		{1015D962-1D99-4CB8-93D4-D2FEBAAA9D7C}.Release|x86.ActiveCfg = Release|Any CPU
		{1015D962-1D99-4CB8-93D4-D2FEBAAA9D7C}.Release|x86.Build.0 = Release|Any CPU
		{1015D962-1D99-4CB8-93D4-D2FEBAAA9D7C}.Release|x86.Deploy.0 = Release|Any CPU
		{83AF5C79-4C7E-4196-9B4B-79D7C9D851D4}.Debug|AndroidOnly.ActiveCfg = Debug|iPhoneSimulator
		{83AF5C79-4C7E-4196-9B4B-79D7C9D851D4}.Debug|AndroidOnly.Deploy.0 = Debug|iPhoneSimulator
		{83AF5C79-4C7E-4196-9B4B-79D7C9D851D4}.Debug|Any CPU.ActiveCfg = Debug|iPhoneSimulator
		{83AF5C79-4C7E-4196-9B4B-79D7C9D851D4}.Debug|Any CPU.Build.0 = Debug|iPhoneSimulator
		{83AF5C79-4C7E-4196-9B4B-79D7C9D851D4}.Debug|Any CPU.Deploy.0 = Debug|iPhoneSimulator
		{83AF5C79-4C7E-4196-9B4B-79D7C9D851D4}.Debug|ARM.ActiveCfg = Debug|iPhoneSimulator
		{83AF5C79-4C7E-4196-9B4B-79D7C9D851D4}.Debug|ARM.Build.0 = Debug|iPhoneSimulator
		{83AF5C79-4C7E-4196-9B4B-79D7C9D851D4}.Debug|ARM.Deploy.0 = Debug|iPhoneSimulator
		{83AF5C79-4C7E-4196-9B4B-79D7C9D851D4}.Debug|iPhone.ActiveCfg = Debug|iPhone
		{83AF5C79-4C7E-4196-9B4B-79D7C9D851D4}.Debug|iPhone.Build.0 = Debug|iPhone
		{83AF5C79-4C7E-4196-9B4B-79D7C9D851D4}.Debug|iPhone.Deploy.0 = Debug|iPhone
		{83AF5C79-4C7E-4196-9B4B-79D7C9D851D4}.Debug|iPhoneSimulator.ActiveCfg = Debug|iPhoneSimulator
		{83AF5C79-4C7E-4196-9B4B-79D7C9D851D4}.Debug|iPhoneSimulator.Build.0 = Debug|iPhoneSimulator
		{83AF5C79-4C7E-4196-9B4B-79D7C9D851D4}.Debug|iPhoneSimulator.Deploy.0 = Debug|iPhoneSimulator
		{83AF5C79-4C7E-4196-9B4B-79D7C9D851D4}.Debug|x64.ActiveCfg = Debug|iPhone
		{83AF5C79-4C7E-4196-9B4B-79D7C9D851D4}.Debug|x64.Build.0 = Debug|iPhone
		{83AF5C79-4C7E-4196-9B4B-79D7C9D851D4}.Debug|x64.Deploy.0 = Debug|iPhone
		{83AF5C79-4C7E-4196-9B4B-79D7C9D851D4}.Debug|x86.ActiveCfg = Debug|iPhoneSimulator
		{83AF5C79-4C7E-4196-9B4B-79D7C9D851D4}.Debug|x86.Build.0 = Debug|iPhoneSimulator
		{83AF5C79-4C7E-4196-9B4B-79D7C9D851D4}.Debug|x86.Deploy.0 = Debug|iPhoneSimulator
		{83AF5C79-4C7E-4196-9B4B-79D7C9D851D4}.Release|AndroidOnly.ActiveCfg = Release|iPhoneSimulator
		{83AF5C79-4C7E-4196-9B4B-79D7C9D851D4}.Release|AndroidOnly.Build.0 = Release|iPhoneSimulator
		{83AF5C79-4C7E-4196-9B4B-79D7C9D851D4}.Release|AndroidOnly.Deploy.0 = Release|iPhoneSimulator
		{83AF5C79-4C7E-4196-9B4B-79D7C9D851D4}.Release|Any CPU.ActiveCfg = Release|iPhoneSimulator
		{83AF5C79-4C7E-4196-9B4B-79D7C9D851D4}.Release|Any CPU.Build.0 = Release|iPhoneSimulator
		{83AF5C79-4C7E-4196-9B4B-79D7C9D851D4}.Release|Any CPU.Deploy.0 = Release|iPhoneSimulator
		{83AF5C79-4C7E-4196-9B4B-79D7C9D851D4}.Release|ARM.ActiveCfg = Release|iPhoneSimulator
		{83AF5C79-4C7E-4196-9B4B-79D7C9D851D4}.Release|ARM.Build.0 = Release|iPhoneSimulator
		{83AF5C79-4C7E-4196-9B4B-79D7C9D851D4}.Release|ARM.Deploy.0 = Release|iPhoneSimulator
		{83AF5C79-4C7E-4196-9B4B-79D7C9D851D4}.Release|iPhone.ActiveCfg = Release|iPhone
		{83AF5C79-4C7E-4196-9B4B-79D7C9D851D4}.Release|iPhone.Build.0 = Release|iPhone
		{83AF5C79-4C7E-4196-9B4B-79D7C9D851D4}.Release|iPhone.Deploy.0 = Release|iPhone
		{83AF5C79-4C7E-4196-9B4B-79D7C9D851D4}.Release|iPhoneSimulator.ActiveCfg = Release|iPhoneSimulator
		{83AF5C79-4C7E-4196-9B4B-79D7C9D851D4}.Release|iPhoneSimulator.Build.0 = Release|iPhoneSimulator
		{83AF5C79-4C7E-4196-9B4B-79D7C9D851D4}.Release|iPhoneSimulator.Deploy.0 = Release|iPhoneSimulator
		{83AF5C79-4C7E-4196-9B4B-79D7C9D851D4}.Release|x64.ActiveCfg = Release|iPhoneSimulator
		{83AF5C79-4C7E-4196-9B4B-79D7C9D851D4}.Release|x64.Build.0 = Release|iPhoneSimulator
		{83AF5C79-4C7E-4196-9B4B-79D7C9D851D4}.Release|x64.Deploy.0 = Release|iPhoneSimulator
		{83AF5C79-4C7E-4196-9B4B-79D7C9D851D4}.Release|x86.ActiveCfg = Release|iPhoneSimulator
		{83AF5C79-4C7E-4196-9B4B-79D7C9D851D4}.Release|x86.Build.0 = Release|iPhoneSimulator
		{83AF5C79-4C7E-4196-9B4B-79D7C9D851D4}.Release|x86.Deploy.0 = Release|iPhoneSimulator
		{9E530EC5-EA68-4098-8D7D-D54EF2D12AA5}.Debug|AndroidOnly.ActiveCfg = Debug|Any CPU
		{9E530EC5-EA68-4098-8D7D-D54EF2D12AA5}.Debug|AndroidOnly.Build.0 = Debug|Any CPU
		{9E530EC5-EA68-4098-8D7D-D54EF2D12AA5}.Debug|AndroidOnly.Deploy.0 = Debug|Any CPU
		{9E530EC5-EA68-4098-8D7D-D54EF2D12AA5}.Debug|Any CPU.ActiveCfg = Debug|Any CPU
		{9E530EC5-EA68-4098-8D7D-D54EF2D12AA5}.Debug|Any CPU.Build.0 = Debug|Any CPU
		{9E530EC5-EA68-4098-8D7D-D54EF2D12AA5}.Debug|Any CPU.Deploy.0 = Debug|Any CPU
		{9E530EC5-EA68-4098-8D7D-D54EF2D12AA5}.Debug|ARM.ActiveCfg = Debug|Any CPU
		{9E530EC5-EA68-4098-8D7D-D54EF2D12AA5}.Debug|ARM.Build.0 = Debug|Any CPU
		{9E530EC5-EA68-4098-8D7D-D54EF2D12AA5}.Debug|ARM.Deploy.0 = Debug|Any CPU
		{9E530EC5-EA68-4098-8D7D-D54EF2D12AA5}.Debug|iPhone.ActiveCfg = Debug|Any CPU
		{9E530EC5-EA68-4098-8D7D-D54EF2D12AA5}.Debug|iPhone.Build.0 = Debug|Any CPU
		{9E530EC5-EA68-4098-8D7D-D54EF2D12AA5}.Debug|iPhone.Deploy.0 = Debug|Any CPU
		{9E530EC5-EA68-4098-8D7D-D54EF2D12AA5}.Debug|iPhoneSimulator.ActiveCfg = Debug|Any CPU
		{9E530EC5-EA68-4098-8D7D-D54EF2D12AA5}.Debug|iPhoneSimulator.Build.0 = Debug|Any CPU
		{9E530EC5-EA68-4098-8D7D-D54EF2D12AA5}.Debug|iPhoneSimulator.Deploy.0 = Debug|Any CPU
		{9E530EC5-EA68-4098-8D7D-D54EF2D12AA5}.Debug|x64.ActiveCfg = Debug|Any CPU
		{9E530EC5-EA68-4098-8D7D-D54EF2D12AA5}.Debug|x64.Build.0 = Debug|Any CPU
		{9E530EC5-EA68-4098-8D7D-D54EF2D12AA5}.Debug|x64.Deploy.0 = Debug|Any CPU
		{9E530EC5-EA68-4098-8D7D-D54EF2D12AA5}.Debug|x86.ActiveCfg = Debug|Any CPU
		{9E530EC5-EA68-4098-8D7D-D54EF2D12AA5}.Debug|x86.Build.0 = Debug|Any CPU
		{9E530EC5-EA68-4098-8D7D-D54EF2D12AA5}.Debug|x86.Deploy.0 = Debug|Any CPU
		{9E530EC5-EA68-4098-8D7D-D54EF2D12AA5}.Release|AndroidOnly.ActiveCfg = Release|Any CPU
		{9E530EC5-EA68-4098-8D7D-D54EF2D12AA5}.Release|AndroidOnly.Build.0 = Release|Any CPU
		{9E530EC5-EA68-4098-8D7D-D54EF2D12AA5}.Release|AndroidOnly.Deploy.0 = Release|Any CPU
		{9E530EC5-EA68-4098-8D7D-D54EF2D12AA5}.Release|Any CPU.ActiveCfg = Release|Any CPU
		{9E530EC5-EA68-4098-8D7D-D54EF2D12AA5}.Release|Any CPU.Build.0 = Release|Any CPU
		{9E530EC5-EA68-4098-8D7D-D54EF2D12AA5}.Release|Any CPU.Deploy.0 = Release|Any CPU
		{9E530EC5-EA68-4098-8D7D-D54EF2D12AA5}.Release|ARM.ActiveCfg = Release|Any CPU
		{9E530EC5-EA68-4098-8D7D-D54EF2D12AA5}.Release|ARM.Build.0 = Release|Any CPU
		{9E530EC5-EA68-4098-8D7D-D54EF2D12AA5}.Release|ARM.Deploy.0 = Release|Any CPU
		{9E530EC5-EA68-4098-8D7D-D54EF2D12AA5}.Release|iPhone.ActiveCfg = Release|Any CPU
		{9E530EC5-EA68-4098-8D7D-D54EF2D12AA5}.Release|iPhone.Build.0 = Release|Any CPU
		{9E530EC5-EA68-4098-8D7D-D54EF2D12AA5}.Release|iPhone.Deploy.0 = Release|Any CPU
		{9E530EC5-EA68-4098-8D7D-D54EF2D12AA5}.Release|iPhoneSimulator.ActiveCfg = Release|Any CPU
		{9E530EC5-EA68-4098-8D7D-D54EF2D12AA5}.Release|iPhoneSimulator.Build.0 = Release|Any CPU
		{9E530EC5-EA68-4098-8D7D-D54EF2D12AA5}.Release|iPhoneSimulator.Deploy.0 = Release|Any CPU
		{9E530EC5-EA68-4098-8D7D-D54EF2D12AA5}.Release|x64.ActiveCfg = Release|Any CPU
		{9E530EC5-EA68-4098-8D7D-D54EF2D12AA5}.Release|x64.Build.0 = Release|Any CPU
		{9E530EC5-EA68-4098-8D7D-D54EF2D12AA5}.Release|x64.Deploy.0 = Release|Any CPU
		{9E530EC5-EA68-4098-8D7D-D54EF2D12AA5}.Release|x86.ActiveCfg = Release|Any CPU
		{9E530EC5-EA68-4098-8D7D-D54EF2D12AA5}.Release|x86.Build.0 = Release|Any CPU
		{9E530EC5-EA68-4098-8D7D-D54EF2D12AA5}.Release|x86.Deploy.0 = Release|Any CPU
	EndGlobalSection
	GlobalSection(SolutionProperties) = preSolution
		HideSolutionNode = FALSE
	EndGlobalSection
	GlobalSection(ExtensibilityGlobals) = postSolution
		SolutionGuid = {BE8EC195-A796-4FC9-990D-C79CBD7B47AD}
	EndGlobalSection
EndGlobal
